Microsoft Visual Studio Solution File, Format Version 12.00
# Visual Studio Version 17
VisualStudioVersion = 17.5.2.0
MinimumVisualStudioVersion = 10.0.40219.1
Project("{FAE04EC0-301F-11D3-BF4B-00C04F79EFBC}") = "RoomBookingService", "RoomBookingService.csproj", "{CA9C3FA2-632D-7BBA-8412-908B9750EC1C}"
EndProject
Global
	GlobalSection(SolutionConfigurationPlatforms) = preSolution
		Debug|Any CPU = Debug|Any CPU
		Release|Any CPU = Release|Any CPU
	EndGlobalSection
	GlobalSection(ProjectConfigurationPlatforms) = postSolution
		{CA9C3FA2-632D-7BBA-8412-908B9750EC1C}.Debug|Any CPU.ActiveCfg = Debug|Any CPU
		{CA9C3FA2-632D-7BBA-8412-908B9750EC1C}.Debug|Any CPU.Build.0 = Debug|Any CPU
		{CA9C3FA2-632D-7BBA-8412-908B9750EC1C}.Release|Any CPU.ActiveCfg = Release|Any CPU
		{CA9C3FA2-632D-7BBA-8412-908B9750EC1C}.Release|Any CPU.Build.0 = Release|Any CPU
	EndGlobalSection
	GlobalSection(SolutionProperties) = preSolution
		HideSolutionNode = FALSE
	EndGlobalSection
	GlobalSection(ExtensibilityGlobals) = postSolution
		SolutionGuid = {5EE25624-439F-482F-96E9-2B66808F0684}
	EndGlobalSection
EndGlobal
